{
  "name": "oop-univer-paint",
  "version": "1.0.0",
  "lockfileVersion": 2,
  "requires": true,
  "packages": {
    "": {
      "name": "oop-univer-paint",
      "version": "1.0.0",
      "license": "ISC",
      "devDependencies": {
        "@types/systemjs": "^6.1.1",
        "systemjs": "^6.12.1"
      }
    },
    "node_modules/@types/systemjs": {
      "version": "6.1.1",
      "resolved": "https://registry.npmjs.org/@types/systemjs/-/systemjs-6.1.1.tgz",
      "integrity": "sha512-d1M6eDKBGWx7RbYy295VEFoOF9YDJkPI959QYnmzcmeaV+SP4D0xV7dEh3sN5XF3GvO3PhGzm+17Z598nvHQuQ==",
      "dev": true
    },
    "node_modules/systemjs": {
      "version": "6.12.1",
      "resolved": "https://registry.npmjs.org/systemjs/-/systemjs-6.12.1.tgz",
      "integrity": "sha512-hqTN6kW+pN6/qro6G9OZ7ceDQOcYno020zBQKpZQLsJhYTDMCMNfXi/Y8duF5iW+4WWZr42ry0MMkcRGpbwG2A==",
      "dev": true
    }
  },
  "dependencies": {
    "@types/systemjs": {
      "version": "6.1.1",
      "resolved": "https://registry.npmjs.org/@types/systemjs/-/systemjs-6.1.1.tgz",
      "integrity": "sha512-d1M6eDKBGWx7RbYy295VEFoOF9YDJkPI959QYnmzcmeaV+SP4D0xV7dEh3sN5XF3GvO3PhGzm+17Z598nvHQuQ==",
      "dev": true
    },
    "systemjs": {
      "version": "6.12.1",
      "resolved": "https://registry.npmjs.org/systemjs/-/systemjs-6.12.1.tgz",
      "integrity": "sha512-hqTN6kW+pN6/qro6G9OZ7ceDQOcYno020zBQKpZQLsJhYTDMCMNfXi/Y8duF5iW+4WWZr42ry0MMkcRGpbwG2A==",
      "dev": true
    }
  }
}
